
Microsoft Visual Studio Solution File, Format Version 12.00
# Visual Studio Version 17
VisualStudioVersion = 17.9.34622.214
MinimumVisualStudioVersion = 10.0.40219.1
Project("{FAE04EC0-301F-11D3-BF4B-00C04F79EFBC}") = "MyFirstConsoleApp", "MyFirstConsoleApp\MyFirstConsoleApp.csproj", "{20D3AA61-909E-4852-A1B6-002DDF9736D6}"
EndProject
Global
	GlobalSection(SolutionConfigurationPlatforms) = preSolution
		Debug|Any CPU = Debug|Any CPU
		Release|Any CPU = Release|Any CPU
	EndGlobalSection
	GlobalSection(ProjectConfigurationPlatforms) = postSolution
		{20D3AA61-909E-4852-A1B6-002DDF9736D6}.Debug|Any CPU.ActiveCfg = Debug|Any CPU
		{20D3AA61-909E-4852-A1B6-002DDF9736D6}.Debug|Any CPU.Build.0 = Debug|Any CPU
		{20D3AA61-909E-4852-A1B6-002DDF9736D6}.Release|Any CPU.ActiveCfg = Release|Any CPU
		{20D3AA61-909E-4852-A1B6-002DDF9736D6}.Release|Any CPU.Build.0 = Release|Any CPU
	EndGlobalSection
	GlobalSection(SolutionProperties) = preSolution
		HideSolutionNode = FALSE
	EndGlobalSection
	GlobalSection(ExtensibilityGlobals) = postSolution
		SolutionGuid = {D44544B3-5AE1-48C5-82B8-8B9BDB09E4D1}
	EndGlobalSection
EndGlobal
